{
  "name": "react-jsx-project-full",
  "lockfileVersion": 3,
  "requires": true,
  "packages": {
    "": {
      "dependencies": {
        "tinymce-react": "^1.3.2"
      }
    },
    "node_modules/tinymce-react": {
      "version": "1.3.2",
      "resolved": "https://registry.npmjs.org/tinymce-react/-/tinymce-react-1.3.2.tgz",
      "integrity": "sha512-+jpB/d5PKUwhQyVAx4+W6xmBinmj6TK2tvPEyUQ6EZe9+dyoCgnlUH8I35FcotLx2cxO4yi9Du1NWsHqWJw29g==",
      "dependencies": {
        "uuid": "^3.0.1"
      },
      "peerDependencies": {
        "react": "^15.5.4",
        "react-dom": "^15.5.4"
      }
    },
    "node_modules/uuid": {
      "version": "3.4.0",
      "resolved": "https://registry.npmjs.org/uuid/-/uuid-3.4.0.tgz",
      "integrity": "sha512-HjSDRw6gZE5JMggctHBcjVak08+KEVhSIiDzFnT9S9aegmp85S/bReBVTb4QTFaRNptJ9kuYaNhnbNEOkbKb/A==",
      "deprecated": "Please upgrade  to version 7 or higher.  Older versions may use Math.random() in certain circumstances, which is known to be problematic.  See https://v8.dev/blog/math-random for details.",
      "bin": {
        "uuid": "bin/uuid"
      }
    }
  }
}
